
Microsoft Visual Studio Solution File, Format Version 12.00
# Visual Studio Version 16
VisualStudioVersion = 16.0.30503.244
MinimumVisualStudioVersion = 10.0.40219.1
Project("{9A19103F-16F7-4668-BE54-9A1E7A4F7556}") = "App.Server", "App.Server\App.Server.csproj", "{F6860320-D017-4747-8D59-45D4E6A349C4}"
EndProject
Global
	GlobalSection(SolutionConfigurationPlatforms) = preSolution
		Debug|Any CPU = Debug|Any CPU
		Release|Any CPU = Release|Any CPU
	EndGlobalSection
	GlobalSection(ProjectConfigurationPlatforms) = postSolution
		{F6860320-D017-4747-8D59-45D4E6A349C4}.Debug|Any CPU.ActiveCfg = Debug|Any CPU
		{F6860320-D017-4747-8D59-45D4E6A349C4}.Debug|Any CPU.Build.0 = Debug|Any CPU
		{F6860320-D017-4747-8D59-45D4E6A349C4}.Release|Any CPU.ActiveCfg = Release|Any CPU
		{F6860320-D017-4747-8D59-45D4E6A349C4}.Release|Any CPU.Build.0 = Release|Any CPU
	EndGlobalSection
	GlobalSection(SolutionProperties) = preSolution
		HideSolutionNode = FALSE
	EndGlobalSection
	GlobalSection(ExtensibilityGlobals) = postSolution
		SolutionGuid = {020D559C-FC1A-429B-97C7-53211731AA7A}
	EndGlobalSection
EndGlobal
